
Microsoft Visual Studio Solution File, Format Version 12.00
# Visual Studio Version 16
VisualStudioVersion = 16.0.29306.81
MinimumVisualStudioVersion = 10.0.40219.1
Project("{FAE04EC0-301F-11D3-BF4B-00C04F79EFBC}") = "palindrome", "palindrome\palindrome.csproj", "{29A04A75-EEB1-4B83-BB29-856D144FC68A}"
EndProject
Global
	GlobalSection(SolutionConfigurationPlatforms) = preSolution
		Debug|Any CPU = Debug|Any CPU
		Release|Any CPU = Release|Any CPU
	EndGlobalSection
	GlobalSection(ProjectConfigurationPlatforms) = postSolution
		{29A04A75-EEB1-4B83-BB29-856D144FC68A}.Debug|Any CPU.ActiveCfg = Debug|Any CPU
		{29A04A75-EEB1-4B83-BB29-856D144FC68A}.Debug|Any CPU.Build.0 = Debug|Any CPU
		{29A04A75-EEB1-4B83-BB29-856D144FC68A}.Release|Any CPU.ActiveCfg = Release|Any CPU
		{29A04A75-EEB1-4B83-BB29-856D144FC68A}.Release|Any CPU.Build.0 = Release|Any CPU
	EndGlobalSection
	GlobalSection(SolutionProperties) = preSolution
		HideSolutionNode = FALSE
	EndGlobalSection
	GlobalSection(ExtensibilityGlobals) = postSolution
		SolutionGuid = {172873F0-5B68-48F6-BC87-D9107734C14A}
	EndGlobalSection
EndGlobal
